
Microsoft Visual Studio Solution File, Format Version 12.00
# Visual Studio Version 17
VisualStudioVersion = 17.8.34309.116
MinimumVisualStudioVersion = 10.0.40219.1
Project("{FAE04EC0-301F-11D3-BF4B-00C04F79EFBC}") = "GreenThumbDb", "GreenThumbDb\GreenThumbDb.csproj", "{D7BB2680-F107-4A61-9DB0-F3E8C4E94D32}"
EndProject
Global
	GlobalSection(SolutionConfigurationPlatforms) = preSolution
		Debug|Any CPU = Debug|Any CPU
		Release|Any CPU = Release|Any CPU
	EndGlobalSection
	GlobalSection(ProjectConfigurationPlatforms) = postSolution
		{D7BB2680-F107-4A61-9DB0-F3E8C4E94D32}.Debug|Any CPU.ActiveCfg = Debug|Any CPU
		{D7BB2680-F107-4A61-9DB0-F3E8C4E94D32}.Debug|Any CPU.Build.0 = Debug|Any CPU
		{D7BB2680-F107-4A61-9DB0-F3E8C4E94D32}.Release|Any CPU.ActiveCfg = Release|Any CPU
		{D7BB2680-F107-4A61-9DB0-F3E8C4E94D32}.Release|Any CPU.Build.0 = Release|Any CPU
	EndGlobalSection
	GlobalSection(SolutionProperties) = preSolution
		HideSolutionNode = FALSE
	EndGlobalSection
	GlobalSection(ExtensibilityGlobals) = postSolution
		SolutionGuid = {52B9370A-FC4C-4F95-B26F-43CB6031BB86}
	EndGlobalSection
EndGlobal
